// !$*UTF8*$!
{
	archiveVersion = 1;
	classes = {
	};
	objectVersion = 46;
	objects = {

/* Begin PBXBuildFile section */
		68B40E841D43BA7E0053D9FE /* ViewController3ViewController.m in Sources */ = {isa = PBXBuildFile; fileRef = 68B40E821D43BA7E0053D9FE /* ViewController3ViewController.m */; settings = {ASSET_TAGS = (); }; };
		68B40E851D43BA7E0053D9FE /* ViewController3ViewController.xib in Resources */ = {isa = PBXBuildFile; fileRef = 68B40E831D43BA7E0053D9FE /* ViewController3ViewController.xib */; settings = {ASSET_TAGS = (); }; };
		68ED43F61D439E1800C58503 /* main.m in Sources */ = {isa = PBXBuildFile; fileRef = 68ED43F51D439E1800C58503 /* main.m */; };
		68ED43F91D439E1800C58503 /* AppDelegate.m in Sources */ = {isa = PBXBuildFile; fileRef = 68ED43F81D439E1800C58503 /* AppDelegate.m */; };
		68ED43FC1D439E1800C58503 /* ViewController.m in Sources */ = {isa = PBXBuildFile; fileRef = 68ED43FB1D439E1800C58503 /* ViewController.m */; };
		68ED43FF1D439E1800C58503 /* Main.storyboard in Resources */ = {isa = PBXBuildFile; fileRef = 68ED43FD1D439E1800C58503 /* Main.storyboard */; };
		68ED44011D439E1800C58503 /* Assets.xcassets in Resources */ = {isa = PBXBuildFile; fileRef = 68ED44001D439E1800C58503 /* Assets.xcassets */; };
		68ED44041D439E1800C58503 /* LaunchScreen.storyboard in Resources */ = {isa = PBXBuildFile; fileRef = 68ED44021D439E1800C58503 /* LaunchScreen.storyboard */; };
		68ED44181D43A1E600C58503 /* ViewController2.m in Sources */ = {isa = PBXBuildFile; fileRef = 68ED44161D43A1E600C58503 /* ViewController2.m */; settings = {ASSET_TAGS = (); }; };
		68ED44191D43A1E600C58503 /* ViewController2.xib in Resources */ = {isa = PBXBuildFile; fileRef = 68ED44171D43A1E600C58503 /* ViewController2.xib */; settings = {ASSET_TAGS = (); }; };
/* End PBXBuildFile section */

/* Begin PBXFileReference section */
		68B40E811D43BA7E0053D9FE /* ViewController3ViewController.h */ = {isa = PBXFileReference; fileEncoding = 4; lastKnownFileType = sourcecode.c.h; path = ViewController3ViewController.h; sourceTree = "<group>"; };
		68B40E821D43BA7E0053D9FE /* ViewController3ViewController.m */ = {isa = PBXFileReference; fileEncoding = 4; lastKnownFileType = sourcecode.c.objc; path = ViewController3ViewController.m; sourceTree = "<group>"; };
		68B40E831D43BA7E0053D9FE /* ViewController3ViewController.xib */ = {isa = PBXFileReference; fileEncoding = 4; lastKnownFileType = file.xib; path = ViewController3ViewController.xib; sourceTree = "<group>"; };
		68ED43F11D439E1800C58503 /* CredicardDetails.app */ = {isa = PBXFileReference; explicitFileType = wrapper.application; includeInIndex = 0; path = CredicardDetails.app; sourceTree = BUILT_PRODUCTS_DIR; };
		68ED43F51D439E1800C58503 /* main.m */ = {isa = PBXFileReference; lastKnownFileType = sourcecode.c.objc; path = main.m; sourceTree = "<group>"; };
		68ED43F71D439E1800C58503 /* AppDelegate.h */ = {isa = PBXFileReference; lastKnownFileType = sourcecode.c.h; path = AppDelegate.h; sourceTree = "<group>"; };
		68ED43F81D439E1800C58503 /* AppDelegate.m */ = {isa = PBXFileReference; lastKnownFileType = sourcecode.c.objc; path = AppDelegate.m; sourceTree = "<group>"; };
		68ED43FA1D439E1800C58503 /* ViewController.h */ = {isa = PBXFileReference; lastKnownFileType = sourcecode.c.h; path = ViewController.h; sourceTree = "<group>"; };
		68ED43FB1D439E1800C58503 /* ViewController.m */ = {isa = PBXFileReference; lastKnownFileType = sourcecode.c.objc; path = ViewController.m; sourceTree = "<group>"; };
		68ED43FE1D439E1800C58503 /* Base */ = {isa = PBXFileReference; lastKnownFileType = file.storyboard; name = Base; path = Base.lproj/Main.storyboard; sourceTree = "<group>"; };
		68ED44001D439E1800C58503 /* Assets.xcassets */ = {isa = PBXFileReference; lastKnownFileType = folder.assetcatalog; path = Assets.xcassets; sourceTree = "<group>"; };
		68ED44031D439E1800C58503 /* Base */ = {isa = PBXFileReference; lastKnownFileType = file.storyboard; name = Base; path = Base.lproj/LaunchScreen.storyboard; sourceTree = "<group>"; };
		68ED44051D439E1800C58503 /* Info.plist */ = {isa = PBXFileReference; lastKnownFileType = text.plist.xml; path = Info.plist; sourceTree = "<group>"; };
		68ED44151D43A1E600C58503 /* ViewController2.h */ = {isa = PBXFileReference; fileEncoding = 4; lastKnownFileType = sourcecode.c.h; path = ViewController2.h; sourceTree = "<group>"; };
		68ED44161D43A1E600C58503 /* ViewController2.m */ = {isa = PBXFileReference; fileEncoding = 4; lastKnownFileType = sourcecode.c.objc; path = ViewController2.m; sourceTree = "<group>"; };
		68ED44171D43A1E600C58503 /* ViewController2.xib */ = {isa = PBXFileReference; fileEncoding = 4; lastKnownFileType = file.xib; path = ViewController2.xib; sourceTree = "<group>"; };
/* End PBXFileReference section */

/* Begin PBXFrameworksBuildPhase section */
		68ED43EE1D439E1800C58503 /* Frameworks */ = {
			isa = PBXFrameworksBuildPhase;
			buildActionMask = 2147483647;
			files = (
			);
			runOnlyForDeploymentPostprocessing = 0;
		};
/* End PBXFrameworksBuildPhase section */

/* Begin PBXGroup section */
		68ED43E81D439E1800C58503 = {
			isa = PBXGroup;
			children = (
				68ED43F31D439E1800C58503 /* CredicardDetails */,
				68ED43F21D439E1800C58503 /* Products */,
			);
			sourceTree = "<group>";
		};
		68ED43F21D439E1800C58503 /* Products */ = {
			isa = PBXGroup;
			children = (
				68ED43F11D439E1800C58503 /* CredicardDetails.app */,
			);
			name = Products;
			sourceTree = "<group>";
		};
		68ED43F31D439E1800C58503 /* CredicardDetails */ = {
			isa = PBXGroup;
			children = (
				68ED43F71D439E1800C58503 /* AppDelegate.h */,
				68ED43F81D439E1800C58503 /* AppDelegate.m */,
				68ED43FA1D439E1800C58503 /* ViewController.h */,
				68ED43FB1D439E1800C58503 /* ViewController.m */,
				68ED44151D43A1E600C58503 /* ViewController2.h */,
				68ED44161D43A1E600C58503 /* ViewController2.m */,
				68ED44171D43A1E600C58503 /* ViewController2.xib */,
				68B40E811D43BA7E0053D9FE /* ViewController3ViewController.h */,
				68B40E821D43BA7E0053D9FE /* ViewController3ViewController.m */,
				68B40E831D43BA7E0053D9FE /* ViewController3ViewController.xib */,
				68ED43FD1D439E1800C58503 /* Main.storyboard */,
				68ED44001D439E1800C58503 /* Assets.xcassets */,
				68ED44021D439E1800C58503 /* LaunchScreen.storyboard */,
				68ED44051D439E1800C58503 /* Info.plist */,
				68ED43F41D439E1800C58503 /* Supporting Files */,
			);
			path = CredicardDetails;
			sourceTree = "<group>";
		};
		68ED43F41D439E1800C58503 /* Supporting Files */ = {
			isa = PBXGroup;
			children = (
				68ED43F51D439E1800C58503 /* main.m */,
			);
			name = "Supporting Files";
			sourceTree = "<group>";
		};
/* End PBXGroup section */

/* Begin PBXNativeTarget section */
		68ED43F01D439E1800C58503 /* CredicardDetails */ = {
			isa = PBXNativeTarget;
			buildConfigurationList = 68ED44081D439E1800C58503 /* Build configuration list for PBXNativeTarget "CredicardDetails" */;
			buildPhases = (
				68ED43ED1D439E1800C58503 /* Sources */,
				68ED43EE1D439E1800C58503 /* Frameworks */,
				68ED43EF1D439E1800C58503 /* Resources */,
			);
			buildRules = (
			);
			dependencies = (
			);
			name = CredicardDetails;
			productName = CredicardDetails;
			productReference = 68ED43F11D439E1800C58503 /* CredicardDetails.app */;
			productType = "com.apple.product-type.application";
		};
/* End PBXNativeTarget section */

/* Begin PBXProject section */
		68ED43E91D439E1800C58503 /* Project object */ = {
			isa = PBXProject;
			attributes = {
				LastUpgradeCheck = 0700;
				ORGANIZATIONNAME = SIVASARIKA;
				TargetAttributes = {
					68ED43F01D439E1800C58503 = {
						CreatedOnToolsVersion = 7.0.1;
					};
				};
			};
			buildConfigurationList = 68ED43EC1D439E1800C58503 /* Build configuration list for PBXProject "CredicardDetails" */;
			compatibilityVersion = "Xcode 3.2";
			developmentRegion = English;
			hasScannedForEncodings = 0;
			knownRegions = (
				en,
				Base,
			);
			mainGroup = 68ED43E81D439E1800C58503;
			productRefGroup = 68ED43F21D439E1800C58503 /* Products */;
			projectDirPath = "";
			projectRoot = "";
			targets = (
				68ED43F01D439E1800C58503 /* CredicardDetails */,
			);
		};
/* End PBXProject section */

/* Begin PBXResourcesBuildPhase section */
		68ED43EF1D439E1800C58503 /* Resources */ = {
			isa = PBXResourcesBuildPhase;
			buildActionMask = 2147483647;
			files = (
				68ED44041D439E1800C58503 /* LaunchScreen.storyboard in Resources */,
				68ED44191D43A1E600C58503 /* ViewController2.xib in Resources */,
				68ED44011D439E1800C58503 /* Assets.xcassets in Resources */,
				68ED43FF1D439E1800C58503 /* Main.storyboard in Resources */,
				68B40E851D43BA7E0053D9FE /* ViewController3ViewController.xib in Resources */,
			);
			runOnlyForDeploymentPostprocessing = 0;
		};
/* End PBXResourcesBuildPhase section */

/* Begin PBXSourcesBuildPhase section */
		68ED43ED1D439E1800C58503 /* Sources */ = {
			isa = PBXSourcesBuildPhase;
			buildActionMask = 2147483647;
			files = (
				68ED43FC1D439E1800C58503 /* ViewController.m in Sources */,
				68ED44181D43A1E600C58503 /* ViewController2.m in Sources */,
				68B40E841D43BA7E0053D9FE /* ViewController3ViewController.m in Sources */,
				68ED43F91D439E1800C58503 /* AppDelegate.m in Sources */,
				68ED43F61D439E1800C58503 /* main.m in Sources */,
			);
			runOnlyForDeploymentPostprocessing = 0;
		};
/* End PBXSourcesBuildPhase section */

/* Begin PBXVariantGroup section */
		68ED43FD1D439E1800C58503 /* Main.storyboard */ = {
			isa = PBXVariantGroup;
			children = (
				68ED43FE1D439E1800C58503 /* Base */,
			);
			name = Main.storyboard;
			sourceTree = "<group>";
		};
		68ED44021D439E1800C58503 /* LaunchScreen.storyboard */ = {
			isa = PBXVariantGroup;
			children = (
				68ED44031D439E1800C58503 /* Base */,
			);
			name = LaunchScreen.storyboard;
			sourceTree = "<group>";
		};
/* End PBXVariantGroup section */

/* Begin XCBuildConfiguration section */
		68ED44061D439E1800C58503 /* Debug */ = {
			isa = XCBuildConfiguration;
			buildSettings = {
				ALWAYS_SEARCH_USER_PATHS = NO;
				CLANG_CXX_LANGUAGE_STANDARD = "gnu++0x";
				CLANG_CXX_LIBRARY = "libc++";
				CLANG_ENABLE_MODULES = YES;
				CLANG_ENABLE_OBJC_ARC = YES;
				CLANG_WARN_BOOL_CONVERSION = YES;
				CLANG_WARN_CONSTANT_CONVERSION = YES;
				CLANG_WARN_DIRECT_OBJC_ISA_USAGE = YES_ERROR;
				CLANG_WARN_EMPTY_BODY = YES;
				CLANG_WARN_ENUM_CONVERSION = YES;
				CLANG_WARN_INT_CONVERSION = YES;
				CLANG_WARN_OBJC_ROOT_CLASS = YES_ERROR;
				CLANG_WARN_UNREACHABLE_CODE = YES;
				CLANG_WARN__DUPLICATE_METHOD_MATCH = YES;
				"CODE_SIGN_IDENTITY[sdk=iphoneos*]" = "iPhone Developer";
				COPY_PHASE_STRIP = NO;
				DEBUG_INFORMATION_FORMAT = dwarf;
				ENABLE_STRICT_OBJC_MSGSEND = YES;
				ENABLE_TESTABILITY = YES;
				GCC_C_LANGUAGE_STANDARD = gnu99;
				GCC_DYNAMIC_NO_PIC = NO;
				GCC_NO_COMMON_BLOCKS = YES;
				GCC_OPTIMIZATION_LEVEL = 0;
				GCC_PREPROCESSOR_DEFINITIONS = (
					"DEBUG=1",
					"$(inherited)",
				);
				GCC_WARN_64_TO_32_BIT_CONVERSION = YES;
				GCC_WARN_ABOUT_RETURN_TYPE = YES_ERROR;
				GCC_WARN_UNDECLARED_SELECTOR = YES;
				GCC_WARN_UNINITIALIZED_AUTOS = YES_AGGRESSIVE;
				GCC_WARN_UNUSED_FUNCTION = YES;
				GCC_WARN_UNUSED_VARIABLE = YES;
				IPHONEOS_DEPLOYMENT_TARGET = 9.0;
				MTL_ENABLE_DEBUG_INFO = YES;
				ONLY_ACTIVE_ARCH = YES;
				SDKROOT = iphoneos;
			};
			name = Debug;
		};
		68ED44071D439E1800C58503 /* Release */ = {
			isa = XCBuildConfiguration;
			buildSettings = {
				ALWAYS_SEARCH_USER_PATHS = NO;
				CLANG_CXX_LANGUAGE_STANDARD = "gnu++0x";
				CLANG_CXX_LIBRARY = "libc++";
				CLANG_ENABLE_MODULES = YES;
				CLANG_ENABLE_OBJC_ARC = YES;
				CLANG_WARN_BOOL_CONVERSION = YES;
				CLANG_WARN_CONSTANT_CONVERSION = YES;
				CLANG_WARN_DIRECT_OBJC_ISA_USAGE = YES_ERROR;
				CLANG_WARN_EMPTY_BODY = YES;
				CLANG_WARN_ENUM_CONVERSION = YES;
				CLANG_WARN_INT_CONVERSION = YES;
				CLANG_WARN_OBJC_ROOT_CLASS = YES_ERROR;
				CLANG_WARN_UNREACHABLE_CODE = YES;
				CLANG_WARN__DUPLICATE_METHOD_MATCH = YES;
				"CODE_SIGN_IDENTITY[sdk=iphoneos*]" = "iPhone Developer";
				COPY_PHASE_STRIP = NO;
				DEBUG_INFORMATION_FORMAT = "dwarf-with-dsym";
				ENABLE_NS_ASSERTIONS = NO;
				ENABLE_STRICT_OBJC_MSGSEND = YES;
				GCC_C_LANGUAGE_STANDARD = gnu99;
				GCC_NO_COMMON_BLOCKS = YES;
				GCC_WARN_64_TO_32_BIT_CONVERSION = YES;
				GCC_WARN_ABOUT_RETURN_TYPE = YES_ERROR;
				GCC_WARN_UNDECLARED_SELECTOR = YES;
				GCC_WARN_UNINITIALIZED_AUTOS = YES_AGGRESSIVE;
				GCC_WARN_UNUSED_FUNCTION = YES;
				GCC_WARN_UNUSED_VARIABLE = YES;
				IPHONEOS_DEPLOYMENT_TARGET = 9.0;
				MTL_ENABLE_DEBUG_INFO = NO;
				SDKROOT = iphoneos;
				VALIDATE_PRODUCT = YES;
			};
			name = Release;
		};
		68ED44091D439E1800C58503 /* Debug */ = {
			isa = XCBuildConfiguration;
			buildSettings = {
				ASSETCATALOG_COMPILER_APPICON_NAME = AppIcon;
				INFOPLIST_FILE = CredicardDetails/Info.plist;
				IPHONEOS_DEPLOYMENT_TARGET = 9.0;
				LD_RUNPATH_SEARCH_PATHS = "$(inherited) @executable_path/Frameworks";
				PRODUCT_BUNDLE_IDENTIFIER = Apple.CredicardDetails;
				PRODUCT_NAME = "$(TARGET_NAME)";
			};
			name = Debug;
		};
		68ED440A1D439E1800C58503 /* Release */ = {
			isa = XCBuildConfiguration;
			buildSettings = {
				ASSETCATALOG_COMPILER_APPICON_NAME = AppIcon;
				INFOPLIST_FILE = CredicardDetails/Info.plist;
				IPHONEOS_DEPLOYMENT_TARGET = 9.0;
				LD_RUNPATH_SEARCH_PATHS = "$(inherited) @executable_path/Frameworks";
				PRODUCT_BUNDLE_IDENTIFIER = Apple.CredicardDetails;
				PRODUCT_NAME = "$(TARGET_NAME)";
			};
			name = Release;
		};
/* End XCBuildConfiguration section */

/* Begin XCConfigurationList section */
		68ED43EC1D439E1800C58503 /* Build configuration list for PBXProject "CredicardDetails" */ = {
			isa = XCConfigurationList;
			buildConfigurations = (
				68ED44061D439E1800C58503 /* Debug */,
				68ED44071D439E1800C58503 /* Release */,
			);
			defaultConfigurationIsVisible = 0;
			defaultConfigurationName = Release;
		};
		68ED44081D439E1800C58503 /* Build configuration list for PBXNativeTarget "CredicardDetails" */ = {
			isa = XCConfigurationList;
			buildConfigurations = (
				68ED44091D439E1800C58503 /* Debug */,
				68ED440A1D439E1800C58503 /* Release */,
			);
			defaultConfigurationIsVisible = 0;
			defaultConfigurationName = Release;
		};
/* End XCConfigurationList section */
	};
	rootObject = 68ED43E91D439E1800C58503 /* Project object */;
}
